{
  "lockfileVersion": 1,
  "configVersion": 0,
  "workspaces": {
    "": {
      "name": "oidc-cookie-platter",
      "dependencies": {
        "@oslojs/crypto": "^1.0.1",
        "@oslojs/encoding": "^1.1.0",
        "@tsconfig/bun": "^1.0.10",
        "@tsconfig/strictest": "^2.0.8",
        "arctic": "^3.7.0",
        "zod": "^4.4.3",
      },
      "devDependencies": {
        "@nihalgonsalves/esconfig": "^0.17.4",
        "@types/bun": "^1.3.14",
        "oxfmt": "^0.52.0",
        "oxlint": "^1.67.0",
      },
    },
  },
  "packages": {
    "@nihalgonsalves/esconfig": ["@nihalgonsalves/esconfig@0.17.4", "", { "peerDependencies": { "eslint-plugin-jest-dom": "^5.5.0", "eslint-plugin-react-hooks": "^7.0.1", "eslint-plugin-storybook": "^10.2.16", "eslint-plugin-testing-library": "^7.16.0", "oxlint": "^1.67.0", "oxlint-tsgolint": "^0.23.0", "typescript": "^6.0.3" }, "optionalPeers": ["eslint-plugin-jest-dom", "eslint-plugin-react-hooks", "eslint-plugin-storybook", "eslint-plugin-testing-library"] }, "sha512-MQnOZMRTxvopS+S2qoeCRNSoZ3btXCF1lWmZF8J7bPgzxTE0AIdIwJ2cfY7FHI0NGv2goV/oh3CPnY1Smr4JOA=="],

    "@oslojs/asn1": ["@oslojs/asn1@1.0.0", "", { "dependencies": { "@oslojs/binary": "1.0.0" } }, "sha512-zw/wn0sj0j0QKbIXfIlnEcTviaCzYOY3V5rAyjR6YtOByFtJiT574+8p9Wlach0lZH9fddD4yb9laEAIl4vXQA=="],

    "@oslojs/binary": ["@oslojs/binary@1.0.0", "", {}, "sha512-9RCU6OwXU6p67H4NODbuxv2S3eenuQ4/WFLrsq+K/k682xrznH5EVWA7N4VFk9VYVcbFtKqur5YQQZc0ySGhsQ=="],

    "@oslojs/crypto": ["@oslojs/crypto@1.0.1", "", { "dependencies": { "@oslojs/asn1": "1.0.0", "@oslojs/binary": "1.0.0" } }, "sha512-7n08G8nWjAr/Yu3vu9zzrd0L9XnrJfpMioQcvCMxBIiF5orECHe5/3J0jmXRVvgfqMm/+4oxlQ+Sq39COYLcNQ=="],

    "@oslojs/encoding": ["@oslojs/encoding@1.1.0", "", {}, "sha512-70wQhgYmndg4GCPxPPxPGevRKqTIJ2Nh4OkiMWmDAVYsTQ+Ta7Sq+rPevXyXGdzr30/qZBnyOalCszoMxlyldQ=="],

    "@oslojs/jwt": ["@oslojs/jwt@0.2.0", "", { "dependencies": { "@oslojs/encoding": "0.4.1" } }, "sha512-bLE7BtHrURedCn4Mco3ma9L4Y1GR2SMBuIvjWr7rmQ4/W/4Jy70TIAgZ+0nIlk0xHz1vNP8x8DCns45Sb2XRbg=="],

    "@oxfmt/binding-android-arm-eabi": ["@oxfmt/binding-android-arm-eabi@0.52.0", "", { "os": "android", "cpu": "arm" }, "sha512-17EMSJnQ9g+upVHrAUYDMfH5lvRKQ9Nvg8WtEoH72oDr1VpWz+7/o3tD97U1EToen2YAQ/68JmtDYkQUi20dfQ=="],

    "@oxfmt/binding-android-arm64": ["@oxfmt/binding-android-arm64@0.52.0", "", { "os": "android", "cpu": "arm64" }, "sha512-A2G1IdwGEW2lLJkIxcvuirRH1CzSl/e0NX11zTlW1gvxJThfwbI/BEoaKrTNpm7M2FchvIf6guvIQU7d5iz+OQ=="],

    "@oxfmt/binding-darwin-arm64": ["@oxfmt/binding-darwin-arm64@0.52.0", "", { "os": "darwin", "cpu": "arm64" }, "sha512-f9+bLvOYxy7NttCLFTvQ7afmqDOWY4wIP9xdvfj5trQ1qj6f2UFAGwZESlfsMjvJNTyRpXfIlOanCI9FOvoeQA=="],

    "@oxfmt/binding-darwin-x64": ["@oxfmt/binding-darwin-x64@0.52.0", "", { "os": "darwin", "cpu": "x64" }, "sha512-YSTB9sJ5nnQd/Q0ddHkgof0ZCHPAnWZT1IW2SJ8omz7CP7KluJhO1fNHrpqdxCtpztJwSs4hY1uAee35wKxxaw=="],

    "@oxfmt/binding-freebsd-x64": ["@oxfmt/binding-freebsd-x64@0.52.0", "", { "os": "freebsd", "cpu": "x64" }, "sha512-NIrRNTTPCs4UbmVs0bxLSCDlLCtIRMJIXklNKaXa5Oj2/K1UIMBvgE8+uPVo01Io3N9HF0+GAX+aAHjUgZS7vA=="],

    "@oxfmt/binding-linux-arm-gnueabihf": ["@oxfmt/binding-linux-arm-gnueabihf@0.52.0", "", { "os": "linux", "cpu": "arm" }, "sha512-JXUCde8mn3GpgQouz2PXUokgy/uT1QrRJBL2s983VWcSQp62wTFYiNXgTKdeo1Jgbr0IgUnKKvzIk/YBlj/nVQ=="],

    "@oxfmt/binding-linux-arm-musleabihf": ["@oxfmt/binding-linux-arm-musleabihf@0.52.0", "", { "os": "linux", "cpu": "arm" }, "sha512-psbUXaRZ+V8DaXz10Qf7LSHtdtdKAmC8fxXgeU608jjzrmWK4quamZMOpl6sf+dikoFHA85uE93Q0BqxrCdQrQ=="],

    "@oxfmt/binding-linux-arm64-gnu": ["@oxfmt/binding-linux-arm64-gnu@0.52.0", "", { "os": "linux", "cpu": "arm64" }, "sha512-Jw7MgWUU9lcLCcy82updISP3EthTlfvAwR6gWNxPzqly7+fLvOi2gHQE9xXQjpqaVLm/8P+gOzlv9ODuoVlaaw=="],

    "@oxfmt/binding-linux-arm64-musl": ["@oxfmt/binding-linux-arm64-musl@0.52.0", "", { "os": "linux", "cpu": "arm64" }, "sha512-wZg6bLjDvh2KibyI3QFUYo8GTXneIFsd0JvehtvJiUmQ8WRPERgxd/VM4ctWb86U5FT1FkqgS8/wZKVB+AZScg=="],

    "@oxfmt/binding-linux-ppc64-gnu": ["@oxfmt/binding-linux-ppc64-gnu@0.52.0", "", { "os": "linux", "cpu": "ppc64" }, "sha512-IngE8uxhNvxcMrLjZNDo9xNLY7rEK33AKnaMd2B46he1e/mz2CfcW6If/U1wUjdRZddm1QzQaciqZkuMkdh1FA=="],

    "@oxfmt/binding-linux-riscv64-gnu": ["@oxfmt/binding-linux-riscv64-gnu@0.52.0", "", { "os": "linux", "cpu": "none" }, "sha512-H3+DdFMv/efN3Efmhsv18jDrpiWWqKG7wsfAlQBqAt6z/E2Bx+TwEj2Nowe51CPOWB8/mFBC2dAMSgVFLvvowA=="],

    "@oxfmt/binding-linux-riscv64-musl": ["@oxfmt/binding-linux-riscv64-musl@0.52.0", "", { "os": "linux", "cpu": "none" }, "sha512-zji+1kb7lJKohSDjzC1IsS+K/cKRs1hdVf0ZH0VbdbiakmtLvN9twBoXo/k8VdjFax7kfo+DyPxS7vv52br1aw=="],

    "@oxfmt/binding-linux-s390x-gnu": ["@oxfmt/binding-linux-s390x-gnu@0.52.0", "", { "os": "linux", "cpu": "s390x" }, "sha512-hcLBYedpCy7ToUvvBidWk7+11Yhg1oAZ4+6hKPic/mQI6NaqXJSXMps5nFlwUuX2ewhtLZZDPg63TI042qGKBg=="],

    "@oxfmt/binding-linux-x64-gnu": ["@oxfmt/binding-linux-x64-gnu@0.52.0", "", { "os": "linux", "cpu": "x64" }, "sha512-IDO2loXK2OtTOhSPchU9MW25mWL2QCDGdJbjN8MXKZVS80qXe5gMTwQWu/gMJ3juoBHbkuUZNB2N1LHzNT7DoA=="],

    "@oxfmt/binding-linux-x64-musl": ["@oxfmt/binding-linux-x64-musl@0.52.0", "", { "os": "linux", "cpu": "x64" }, "sha512-mAV2Hjn0SatJ+KoAzKUC3eJhdJ8wv+3m1KyuS0dTsbF0c5weq+QrCt/DRZZM+uj/XiKzCDEUKYsBF30e2qkcyw=="],

    "@oxfmt/binding-openharmony-arm64": ["@oxfmt/binding-openharmony-arm64@0.52.0", "", { "os": "none", "cpu": "arm64" }, "sha512-vd4npaUIwChxp7XzkqmepBWTT9YMcSe/NBApVGPC30/lLyOVaV3dvma1SKo03t8O73BPRAG7EyJzGlN5cJM5hQ=="],

    "@oxfmt/binding-win32-arm64-msvc": ["@oxfmt/binding-win32-arm64-msvc@0.52.0", "", { "os": "win32", "cpu": "arm64" }, "sha512-k2sz6gWQdMfh5HPpIS+Bw/0UEV/kaK2xuqJRrWL233sEHx9WLlsmvlPFM4HUNThkYbSN0U0vPW7LVKZWDS8hPQ=="],

    "@oxfmt/binding-win32-ia32-msvc": ["@oxfmt/binding-win32-ia32-msvc@0.52.0", "", { "os": "win32", "cpu": "ia32" }, "sha512-rhke69GTcArodLHpjMTfNnvjTEBryDeZcUCKK/VjXDMtfTULl6QRh0ymX5/hbCUv2WjYm9h/QbW++q2vE15gWQ=="],

    "@oxfmt/binding-win32-x64-msvc": ["@oxfmt/binding-win32-x64-msvc@0.52.0", "", { "os": "win32", "cpu": "x64" }, "sha512-q5xL7oeXkZdEtNZWBdvehJcmt+GRu9l2bK40yJs1jJXlqq+r0Hygb1rTjq+FM2o/2xyt4cufH6KRplHp3Jjsvw=="],

    "@oxlint-tsgolint/darwin-arm64": ["@oxlint-tsgolint/darwin-arm64@0.17.0", "", { "os": "darwin", "cpu": "arm64" }, "sha512-z3XwCDuOAKgk7bO4y5tyH8Zogwr51G56R0XGKC3tlAbrAq8DecoxAd3qhRZqWBMG2Gzl5bWU3Ghu7lrxuLPzYw=="],

    "@oxlint-tsgolint/darwin-x64": ["@oxlint-tsgolint/darwin-x64@0.17.0", "", { "os": "darwin", "cpu": "x64" }, "sha512-TZgVXy0MtI8nt0MYiceuZhHPwHcwlIZ/YwzFTAKrgdHiTvVzFbqHVdXi5wbZfT/o1nHGw9fbGWPlb6qKZ4uZ9Q=="],

    "@oxlint-tsgolint/linux-arm64": ["@oxlint-tsgolint/linux-arm64@0.17.0", "", { "os": "linux", "cpu": "arm64" }, "sha512-IDfhFl/Y8bjidCvAP6QAxVyBsl78TmfCHlfjtEv2XtJXgYmIwzv6muO18XMp74SZ2qAyD4y2n2dUedrmghGHeA=="],

    "@oxlint-tsgolint/linux-x64": ["@oxlint-tsgolint/linux-x64@0.17.0", "", { "os": "linux", "cpu": "x64" }, "sha512-Bgdgqx/m8EnfjmmlRLEeYy9Yhdt1GdFrMr5mTu/NyLRGkB1C9VLAikdxB7U9QambAGTAmjMbHNFDFk8Vx69Huw=="],

    "@oxlint-tsgolint/win32-arm64": ["@oxlint-tsgolint/win32-arm64@0.17.0", "", { "os": "win32", "cpu": "arm64" }, "sha512-dO6wyKMDqFWh1vwr+zNZS7/ovlfGgl4S3P1LDy4CKjP6V6NGtdmEwWkWax8j/I8RzGZdfXKnoUfb/qhVg5bx0w=="],

    "@oxlint-tsgolint/win32-x64": ["@oxlint-tsgolint/win32-x64@0.17.0", "", { "os": "win32", "cpu": "x64" }, "sha512-lPGYFp3yX2nh6hLTpIuMnJbZnt3Df42VkoA/fSkMYi2a/LXdDytQGpgZOrb5j47TICARd34RauKm0P3OA4Oxbw=="],

    "@oxlint/binding-android-arm-eabi": ["@oxlint/binding-android-arm-eabi@1.67.0", "", { "os": "android", "cpu": "arm" }, "sha512-VrSi571rDv1N8HaEDM+DEX8nmT0y9jJo8tzzW13vsOWTx59xQczCIJx68n2zWOXRT5YKZsOZXp4qkHN/10x4mw=="],

    "@oxlint/binding-android-arm64": ["@oxlint/binding-android-arm64@1.67.0", "", { "os": "android", "cpu": "arm64" }, "sha512-l6+NdYxMoRohix5r5bbigW16LPicceCwGcQ6LKKuE1kUdjgFfQolJjrJsQYPFetIs78Gxj/G/f5TEGoTCwj9nQ=="],

    "@oxlint/binding-darwin-arm64": ["@oxlint/binding-darwin-arm64@1.67.0", "", { "os": "darwin", "cpu": "arm64" }, "sha512-jOzXxS1AxFxhImLIRbtGIMrEwaXcgMw3gR57WB1cRk8ai+vpr6726kxXqVvlNsrXtJ/FrmOm8RxlC0m8SW24Qg=="],

    "@oxlint/binding-darwin-x64": ["@oxlint/binding-darwin-x64@1.67.0", "", { "os": "darwin", "cpu": "x64" }, "sha512-3DFAVY94OqjIZHXIPz37yGRSWwOFTAqChQ64/M69GYLawzP0KiwdhDNfqdKKYT0bTR/DNxmMnQsj3ns+8+X/Lg=="],

    "@oxlint/binding-freebsd-x64": ["@oxlint/binding-freebsd-x64@1.67.0", "", { "os": "freebsd", "cpu": "x64" }, "sha512-e4dDKZuLu8TR9DEBssWSDahlPgZBwojTTHZUvnjBRJfJJbpxYCjfjKfi0Z1+CSLMiJBwI2yCDtRM1XJQaARjmg=="],

    "@oxlint/binding-linux-arm-gnueabihf": ["@oxlint/binding-linux-arm-gnueabihf@1.67.0", "", { "os": "linux", "cpu": "arm" }, "sha512-BKytFdcQzbITV3xlnzDUDTEDtbUMCCiC4EaNTDZ4FyT8gdNvBC4gfiLucXp/sQl0XU3p7syTlorUWVVVBZab2g=="],

    "@oxlint/binding-linux-arm-musleabihf": ["@oxlint/binding-linux-arm-musleabihf@1.67.0", "", { "os": "linux", "cpu": "arm" }, "sha512-XYAv0esBDX7BpTzRDjVX2Vdj+zndd8ll2dFQiaeQ6zTZr7A8GRDTN7fH3FP3jU+O0vCDx85oH/EtG7BzPgAXuw=="],

    "@oxlint/binding-linux-arm64-gnu": ["@oxlint/binding-linux-arm64-gnu@1.67.0", "", { "os": "linux", "cpu": "arm64" }, "sha512-zizRMjA0i6u/2B0evgda04iycu+MoNuf1pBy6Eh+1CjC5wMEG7qN5zdDKTCvFc0KSYSDM9QTG3gjZHirgtQuKg=="],

    "@oxlint/binding-linux-arm64-musl": ["@oxlint/binding-linux-arm64-musl@1.67.0", "", { "os": "linux", "cpu": "arm64" }, "sha512-zB/Tf6sUjmmvvbva9Gj3JTJ8rJ9t4I8/U0o6vSRtd0DRIsIuyegBwJAzhSUFQHdMijIRJkW0exs/yBhpw2S20w=="],

    "@oxlint/binding-linux-ppc64-gnu": ["@oxlint/binding-linux-ppc64-gnu@1.67.0", "", { "os": "linux", "cpu": "ppc64" }, "sha512-kgU40Gt74CK0TCsF51KZymkIwN9U0BajKsMijB52zPqOeZU9NAHkA/NSQkZDHEaCakx42DxhXkODiAqf2b4Gug=="],

    "@oxlint/binding-linux-riscv64-gnu": ["@oxlint/binding-linux-riscv64-gnu@1.67.0", "", { "os": "linux", "cpu": "none" }, "sha512-tOYhkk/iaG9aD3FvGpBFd1Lrw0x0RaVoJBxjUkfNzS50rC5NS5BteNCwgr8A2zCdADrIIoze6D7u6U5Ic++/iQ=="],

    "@oxlint/binding-linux-riscv64-musl": ["@oxlint/binding-linux-riscv64-musl@1.67.0", "", { "os": "linux", "cpu": "none" }, "sha512-sEtywrPb+0b+tHYl1SDCrw903fiC4eyKoNqzP3v+f2JT3Xcv4NEYG+P8rj+eEnX7IWhqV/xj8/JmcmVj21CXaA=="],

    "@oxlint/binding-linux-s390x-gnu": ["@oxlint/binding-linux-s390x-gnu@1.67.0", "", { "os": "linux", "cpu": "s390x" }, "sha512-BvR8Moa0zCLxroOx4vZaZN9nUfwAUpSTwjZdxZyKy4bv3PrzrXrxKR/ZQ0L9wNSvlPhnMJeZfa3q5w6ZCTuN6Q=="],

    "@oxlint/binding-linux-x64-gnu": ["@oxlint/binding-linux-x64-gnu@1.67.0", "", { "os": "linux", "cpu": "x64" }, "sha512-mm2cxM6fksOpq6l0uFws8BUGKAR4dNa/cZCn37Npq7PFbhD5HDJqWfnoIvTaeRKMy5XdS2tO0MA0qbHDrnXAAA=="],

    "@oxlint/binding-linux-x64-musl": ["@oxlint/binding-linux-x64-musl@1.67.0", "", { "os": "linux", "cpu": "x64" }, "sha512-WmbMuLapKyDlobMkXAaAL0Y+Uczh4LETfIfQsUpbId4Ip8Ai82/jqeYTOoUCkuuhBFapgqP253+d83tLKOksJg=="],

    "@oxlint/binding-openharmony-arm64": ["@oxlint/binding-openharmony-arm64@1.67.0", "", { "os": "none", "cpu": "arm64" }, "sha512-9g/PqxYJelzzTAOR5Y+RiRqdeydhEuXv2KxNeFcAKQ7UsvnWSY1OP4MsuPMbTO2Pf70tz7mFhl1j13H3fyh+8g=="],

    "@oxlint/binding-win32-arm64-msvc": ["@oxlint/binding-win32-arm64-msvc@1.67.0", "", { "os": "win32", "cpu": "arm64" }, "sha512-2VhwE6Gatb0vJGnN0TBuQMbKCOiZlSQ/zJvVWYLK4a9d4iDiJOen/yVQkGpmsJ90MuH66fzi0kEKI0jRQMDxGA=="],

    "@oxlint/binding-win32-ia32-msvc": ["@oxlint/binding-win32-ia32-msvc@1.67.0", "", { "os": "win32", "cpu": "ia32" }, "sha512-EQ3VExXfeM1InbE5+JjufhZZTWy+kHUwgt3yZR7gQ47Je/mE0WspQPan0OJznh493L5anM210YNJtH1PXjTSFg=="],

    "@oxlint/binding-win32-x64-msvc": ["@oxlint/binding-win32-x64-msvc@1.67.0", "", { "os": "win32", "cpu": "x64" }, "sha512-bw24y+/1MHS4QDkons3YyHkPT9uCMoLHHgQhb+mb8NOjTYwub1CZ+K9Ngr8aO5DMrDrkqHwTzlTwFP2vS8Y/ZQ=="],

    "@tsconfig/bun": ["@tsconfig/bun@1.0.10", "", {}, "sha512-5AV5YknQjNyoYzZ/8NG0dawqew/wH+x7ANiCfCIn29qo0cdbd1EryvFD1k5NSZWLBMOI/fGqMIaxi58GPIP9Cg=="],

    "@tsconfig/strictest": ["@tsconfig/strictest@2.0.8", "", {}, "sha512-XnQ7vNz5HRN0r88GYf1J9JJjqtZPiHt2woGJOo2dYqyHGGcd6OLGqSlBB6p1j9mpzja6Oe5BoPqWmeDx6X9rLw=="],

    "@types/bun": ["@types/bun@1.3.14", "", { "dependencies": { "bun-types": "1.3.14" } }, "sha512-h1hFqFVcvAvD9j9K7ZW7vd82aSA+rTdznZa+5bwvCwqSB1jmmfLcbIWhOLx1/+boy/xmjgCs/OMUL8hRJSmnPw=="],

    "@types/node": ["@types/node@24.0.15", "", { "dependencies": { "undici-types": "~7.8.0" } }, "sha512-oaeTSbCef7U/z7rDeJA138xpG3NuKc64/rZ2qmUFkFJmnMsAPaluIifqyWd8hSSMxyP9oie3dLAqYPblag9KgA=="],

    "arctic": ["arctic@3.7.0", "", { "dependencies": { "@oslojs/crypto": "1.0.1", "@oslojs/encoding": "1.1.0", "@oslojs/jwt": "0.2.0" } }, "sha512-ZMQ+f6VazDgUJOd+qNV+H7GohNSYal1mVjm5kEaZfE2Ifb7Ss70w+Q7xpJC87qZDkMZIXYf0pTIYZA0OPasSbw=="],

    "bun-types": ["bun-types@1.3.14", "", { "dependencies": { "@types/node": "*" } }, "sha512-4N0ig0fEomHt5R0KCFWjovxow98rIoRwKolrYdCcknNwMekCXRnWEUvgu5soYV8QXtVsrUD8B95MBOZGPvr6KQ=="],

    "oxfmt": ["oxfmt@0.52.0", "", { "dependencies": { "tinypool": "2.1.0" }, "optionalDependencies": { "@oxfmt/binding-android-arm-eabi": "0.52.0", "@oxfmt/binding-android-arm64": "0.52.0", "@oxfmt/binding-darwin-arm64": "0.52.0", "@oxfmt/binding-darwin-x64": "0.52.0", "@oxfmt/binding-freebsd-x64": "0.52.0", "@oxfmt/binding-linux-arm-gnueabihf": "0.52.0", "@oxfmt/binding-linux-arm-musleabihf": "0.52.0", "@oxfmt/binding-linux-arm64-gnu": "0.52.0", "@oxfmt/binding-linux-arm64-musl": "0.52.0", "@oxfmt/binding-linux-ppc64-gnu": "0.52.0", "@oxfmt/binding-linux-riscv64-gnu": "0.52.0", "@oxfmt/binding-linux-riscv64-musl": "0.52.0", "@oxfmt/binding-linux-s390x-gnu": "0.52.0", "@oxfmt/binding-linux-x64-gnu": "0.52.0", "@oxfmt/binding-linux-x64-musl": "0.52.0", "@oxfmt/binding-openharmony-arm64": "0.52.0", "@oxfmt/binding-win32-arm64-msvc": "0.52.0", "@oxfmt/binding-win32-ia32-msvc": "0.52.0", "@oxfmt/binding-win32-x64-msvc": "0.52.0" }, "peerDependencies": { "svelte": "^5.0.0", "vite-plus": "*" }, "optionalPeers": ["svelte", "vite-plus"], "bin": { "oxfmt": "bin/oxfmt" } }, "sha512-nJlYM35F64zTDMecCNhoHNkf+D/eHv7xcjj9XDSj+bFAVtN93m7v8DQMdHd6nDG6Akf/kEYYHmDUBs2Dz27Sug=="],

    "oxlint": ["oxlint@1.67.0", "", { "optionalDependencies": { "@oxlint/binding-android-arm-eabi": "1.67.0", "@oxlint/binding-android-arm64": "1.67.0", "@oxlint/binding-darwin-arm64": "1.67.0", "@oxlint/binding-darwin-x64": "1.67.0", "@oxlint/binding-freebsd-x64": "1.67.0", "@oxlint/binding-linux-arm-gnueabihf": "1.67.0", "@oxlint/binding-linux-arm-musleabihf": "1.67.0", "@oxlint/binding-linux-arm64-gnu": "1.67.0", "@oxlint/binding-linux-arm64-musl": "1.67.0", "@oxlint/binding-linux-ppc64-gnu": "1.67.0", "@oxlint/binding-linux-riscv64-gnu": "1.67.0", "@oxlint/binding-linux-riscv64-musl": "1.67.0", "@oxlint/binding-linux-s390x-gnu": "1.67.0", "@oxlint/binding-linux-x64-gnu": "1.67.0", "@oxlint/binding-linux-x64-musl": "1.67.0", "@oxlint/binding-openharmony-arm64": "1.67.0", "@oxlint/binding-win32-arm64-msvc": "1.67.0", "@oxlint/binding-win32-ia32-msvc": "1.67.0", "@oxlint/binding-win32-x64-msvc": "1.67.0" }, "peerDependencies": { "oxlint-tsgolint": ">=0.22.1", "vite-plus": "*" }, "optionalPeers": ["oxlint-tsgolint", "vite-plus"], "bin": { "oxlint": "bin/oxlint" } }, "sha512-blwwaHPdoH8piQ5/z0KHeoHFR7FZgl12WluKJfu4qFLPkZl6mK04PkLE45Fw1NxfBRSlh40Gu7MkxHUw++ociQ=="],

    "oxlint-tsgolint": ["oxlint-tsgolint@0.17.0", "", { "optionalDependencies": { "@oxlint-tsgolint/darwin-arm64": "0.17.0", "@oxlint-tsgolint/darwin-x64": "0.17.0", "@oxlint-tsgolint/linux-arm64": "0.17.0", "@oxlint-tsgolint/linux-x64": "0.17.0", "@oxlint-tsgolint/win32-arm64": "0.17.0", "@oxlint-tsgolint/win32-x64": "0.17.0" }, "bin": { "tsgolint": "bin/tsgolint.js" } }, "sha512-TdrKhDZCgEYqONFo/j+KvGan7/k3tP5Ouz88wCqpOvJtI2QmcLfGsm1fcMvDnTik48Jj6z83IJBqlkmK9DnY1A=="],

    "tinypool": ["tinypool@2.1.0", "", {}, "sha512-Pugqs6M0m7Lv1I7FtxN4aoyToKg1C4tu+/381vH35y8oENM/Ai7f7C4StcoK4/+BSw9ebcS8jRiVrORFKCALLw=="],

    "typescript": ["typescript@5.9.3", "", { "bin": { "tsc": "bin/tsc", "tsserver": "bin/tsserver" } }, "sha512-jl1vZzPDinLr9eUt3J/t7V6FgNEw9QjvBPdysz9KfQDD41fQrC2Y4vKQdiaUpFT4bXlb1RHhLpp8wtm6M5TgSw=="],

    "undici-types": ["undici-types@7.8.0", "", {}, "sha512-9UJ2xGDvQ43tYyVMpuHlsgApydB8ZKfVYTsLDhXkFL/6gfkp+U8xTGdh8pMJv1SpZna0zxG1DwsKZsreLbXBxw=="],

    "zod": ["zod@4.4.3", "", {}, "sha512-ytENFjIJFl2UwYglde2jchW2Hwm4GJFLDiSXWdTrJQBIN9Fcyp7n4DhxJEiWNAJMV1/BqWfW/kkg71UDcHJyTQ=="],

    "@oslojs/jwt/@oslojs/encoding": ["@oslojs/encoding@0.4.1", "", {}, "sha512-hkjo6MuIK/kQR5CrGNdAPZhS01ZCXuWDRJ187zh6qqF2+yMHZpD9fAYpX8q2bOO6Ryhl3XpCT6kUX76N8hhm4Q=="],
  }
}
